<?xml version="1.0" encoding="utf-8"?>
<Project ToolsVersion="4.0" xmlns="http://schemas.microsoft.com/developer/msbuild/2003">
  <ItemGroup>
    <Filter Include="Source Files">
      <UniqueIdentifier>{4FC737F1-C7A5-4376-A066-2A32D752A2FF}</UniqueIdentifier>
      <Extensions>cpp;c;cc;cxx;c++;cppm;ixx;def;odl;idl;hpj;bat;asm;asmx</Extensions>
    </Filter>
    <Filter Include="Header Files">
      <UniqueIdentifier>{93995380-89BD-4b04-88EB-625FBE52EBFB}</UniqueIdentifier>
      <Extensions>h;hh;hpp;hxx;h++;hm;inl;inc;ipp;xsd</Extensions>
    </Filter>
    <Filter Include="Resource Files">
      <UniqueIdentifier>{67DA6AB6-F800-4c08-8B7A-83BB121AAD01}</UniqueIdentifier>
      <Extensions>rc;ico;cur;bmp;dlg;rc2;rct;bin;rgs;gif;jpg;jpeg;jpe;resx;tiff;tif;png;wav;mfcribbon-ms</Extensions>
    </Filter>
    <Filter Include="Shaders">
      <UniqueIdentifier>{01af7a07-cbf7-436e-9a24-be9e79531dc3}</UniqueIdentifier>
    </Filter>
  </ItemGroup>
  <ItemGroup>
    <ClInclude Include="resource.h">
      <Filter>Header Files</Filter>
    </ClInclude>
  </ItemGroup>
  <ItemGroup>
    <ResourceCompile Include="PonyEngine.Render.rc">
      <Filter>Resource Files</Filter>
    </ResourceCompile>
  </ItemGroup>
  <ItemGroup>
    <ClCompile Include="Source\Public\Render.Direct3D12.Windows\Render.Direct3D12.Windows.Impl.cppm">
      <Filter>Source Files</Filter>
    </ClCompile>
    <ClCompile Include="Source\Private\Render.Direct3D12.Windows\WindowsDirect3D12RenderSystem.cppm">
      <Filter>Source Files</Filter>
    </ClCompile>
    <ClCompile Include="Source\Private\Render.Direct3D12.Windows\WindowsDirect3D12RenderSystemFactoryImpl.cppm">
      <Filter>Source Files</Filter>
    </ClCompile>
    <ClCompile Include="Source\Private\Render.Direct3D12\Render.Direct3D12.Detail.cppm">
      <Filter>Source Files</Filter>
    </ClCompile>
    <ClCompile Include="Source\Private\Render.Direct3D12\Direct3D12System.cppm">
      <Filter>Source Files</Filter>
    </ClCompile>
    <ClCompile Include="Source\Private\Render\Render.Detail.cppm">
      <Filter>Source Files</Filter>
    </ClCompile>
    <ClCompile Include="Source\Private\Render\IRenderSystemContext.cppm">
      <Filter>Source Files</Filter>
    </ClCompile>
    <ClCompile Include="Source\Private\Render.Direct3D12\Direct3D12RenderObject.cppm">
      <Filter>Source Files</Filter>
    </ClCompile>
    <ClCompile Include="Source\Private\Render.Direct3D12\Direct3D12Mesh.cppm">
      <Filter>Source Files</Filter>
    </ClCompile>
    <ClCompile Include="Source\Private\Render.Direct3D12\Direct3D12VertexArray.cppm">
      <Filter>Source Files</Filter>
    </ClCompile>
    <ClCompile Include="Source\Private\Render.Direct3D12\Direct3D12IndexArray.cppm">
      <Filter>Source Files</Filter>
    </ClCompile>
    <ClCompile Include="Source\Private\Render.Direct3D12\Direct3D12IndexFormat.cppm">
      <Filter>Source Files</Filter>
    </ClCompile>
    <ClCompile Include="Source\Private\Render.Direct3D12\Direct3D12Fence.cppm">
      <Filter>Source Files</Filter>
    </ClCompile>
    <ClCompile Include="Source\Private\Render.Direct3D12\Direct3D12Shader.cppm">
      <Filter>Source Files</Filter>
    </ClCompile>
    <ClCompile Include="Source\Private\Render.Direct3D12\Direct3D12Material.cppm">
      <Filter>Source Files</Filter>
    </ClCompile>
    <ClCompile Include="Source\Private\Render.Direct3D12\Direct3D12RenderTarget.cppm">
      <Filter>Source Files</Filter>
    </ClCompile>
    <ClCompile Include="Source\Private\Render.Direct3D12\Direct3D12RenderObjectManager.cppm">
      <Filter>Source Files</Filter>
    </ClCompile>
    <ClCompile Include="Source\Private\Render.Direct3D12\Direct3D12GraphicsPipeline.cppm">
      <Filter>Source Files</Filter>
    </ClCompile>
    <ClCompile Include="Source\Private\Render.Direct3D12\Direct3D12MeshManager.cppm">
      <Filter>Source Files</Filter>
    </ClCompile>
    <ClCompile Include="Source\Private\Render.Direct3D12\Direct3D12RenderView.cppm">
      <Filter>Source Files</Filter>
    </ClCompile>
    <ClCompile Include="Source\Private\Render.Direct3D12.Windows\Render.Direct3D12.Windows.Detail.cppm">
      <Filter>Source Files</Filter>
    </ClCompile>
    <ClCompile Include="Source\Private\Render.Direct3D12\Direct3D12CpuWaiter.cppm">
      <Filter>Source Files</Filter>
    </ClCompile>
    <ClCompile Include="Source\Private\Render.Direct3D12\Direct3D12MaterialManager.cppm">
      <Filter>Source Files</Filter>
    </ClCompile>
    <ClCompile Include="Source\Private\Render.Direct3D12\Direct3D12DepthStencil.cppm">
      <Filter>Source Files</Filter>
    </ClCompile>
    <ClCompile Include="Source\Private\Render.Direct3D12\Direct3D12RootSignature.cppm">
      <Filter>Source Files</Filter>
    </ClCompile>
    <ClCompile Include="Source\Private\Render.Direct3D12\Direct3D12RootSignatureManager.cppm">
      <Filter>Source Files</Filter>
    </ClCompile>
    <ClCompile Include="Source\Private\Render.Direct3D12\IDirect3D12SystemContext.cppm">
      <Filter>Source Files</Filter>
    </ClCompile>
    <ClCompile Include="Source\Private\Render.Direct3D12\IDirect3D12DepthStencilPrivate.cppm">
      <Filter>Source Files</Filter>
    </ClCompile>
    <ClCompile Include="Source\Private\Render.Direct3D12\IDirect3D12RenderTargetPrivate.cppm">
      <Filter>Source Files</Filter>
    </ClCompile>
    <ClCompile Include="Source\Private\Render.DXGI\Render.DXGI.Detail.cppm">
      <Filter>Source Files</Filter>
    </ClCompile>
    <ClCompile Include="Source\Private\Render.DXGI\IDXGIRenderSystemContext.cppm">
      <Filter>Source Files</Filter>
    </ClCompile>
    <ClCompile Include="Source\Private\Render.DXGI\IDXGISystemContext.cppm">
      <Filter>Source Files</Filter>
    </ClCompile>
    <ClCompile Include="Source\Private\Render.DXGI\DXGISwapChain.cppm">
      <Filter>Source Files</Filter>
    </ClCompile>
    <ClCompile Include="Source\Private\Render.DXGI\DXGISystem.cppm">
      <Filter>Source Files</Filter>
    </ClCompile>
    <ClCompile Include="Source\Private\Render.DXGI\DXGISwapChainParams.cppm">
      <Filter>Source Files</Filter>
    </ClCompile>
    <ClCompile Include="Source\Private\Render.DXGI\IDXGISwapChain.cppm">
      <Filter>Source Files</Filter>
    </ClCompile>
    <ClCompile Include="Source\Private\Render.Direct3D12\IDirect3D12RenderSystemContext.cppm">
      <Filter>Source Files</Filter>
    </ClCompile>
    <ClCompile Include="Source\Private\Render.Direct3D12\IDirect3D12RootSignatureManagerPrivate.cppm">
      <Filter>Source Files</Filter>
    </ClCompile>
    <ClCompile Include="Source\Private\Render.Direct3D12\IDirect3D12MaterialManagerPrivate.cppm">
      <Filter>Source Files</Filter>
    </ClCompile>
    <ClCompile Include="Source\Private\Render.Direct3D12\IDirect3D12MeshManagerPrivate.cppm">
      <Filter>Source Files</Filter>
    </ClCompile>
    <ClCompile Include="Source\Private\Render.Direct3D12\IDirect3D12RenderObjectManagerPrivate.cppm">
      <Filter>Source Files</Filter>
    </ClCompile>
    <ClCompile Include="Source\Private\Render.Direct3D12\Direct3D12RenderTargetParams.cppm">
      <Filter>Source Files</Filter>
    </ClCompile>
    <ClCompile Include="Source\Private\Render.Direct3D12\Direct3D12SystemParams.cppm">
      <Filter>Source Files</Filter>
    </ClCompile>
    <ClCompile Include="Source\Private\Render.Direct3D12\IDirect3D12RenderViewPrivate.cppm">
      <Filter>Source Files</Filter>
    </ClCompile>
    <ClCompile Include="Source\Private\Render.Direct3D12\Direct3D12MaterialParams.cppm">
      <Filter>Source Files</Filter>
    </ClCompile>
    <ClCompile Include="Source\Private\Render.Direct3D12\Direct3D12PipelineParams.cppm">
      <Filter>Source Files</Filter>
    </ClCompile>
    <ClCompile Include="Source\Private\Render.Direct3D12\Direct3D12InputElementParams.cppm">
      <Filter>Source Files</Filter>
    </ClCompile>
    <ClCompile Include="Source\Private\Render.Direct3D12\Direct3D12VertexFormat.cppm">
      <Filter>Source Files</Filter>
    </ClCompile>
    <ClCompile Include="Source\Private\Render.Direct3D12\Direct3D12RenderViewParams.cppm">
      <Filter>Source Files</Filter>
    </ClCompile>
    <ClCompile Include="Source\Private\Render.Direct3D12\Direct3D12CopyPipeline.cppm">
      <Filter>Source Files</Filter>
    </ClCompile>
    <ClCompile Include="Source\Private\Render.Direct3D12\IDirect3D12CopyPipeline.cppm">
      <Filter>Source Files</Filter>
    </ClCompile>
    <ClCompile Include="Source\Private\Render.Direct3D12\Direct3D12GpuWaiter.cppm">
      <Filter>Source Files</Filter>
    </ClCompile>
    <ClCompile Include="Source\Private\Render.Direct3D12\IDirect3D12GraphicsPipeline.cppm">
      <Filter>Source Files</Filter>
    </ClCompile>
    <ClCompile Include="Source\Private\Render.Direct3D12\Direct3D12Utility.cppm">
      <Filter>Source Files</Filter>
    </ClCompile>
    <ClCompile Include="Source\Private\Render.Direct3D12\Direct3D12BackBuffer.cppm">
      <Filter>Source Files</Filter>
    </ClCompile>
    <ClCompile Include="Source\Private\Render.Direct3D12\IDirect3D12BackBufferPrivate.cppm">
      <Filter>Source Files</Filter>
    </ClCompile>
    <ClCompile Include="Source\Private\Render.Direct3D12\Direct3D12BackBufferParams.cppm">
      <Filter>Source Files</Filter>
    </ClCompile>
  </ItemGroup>
  <ItemGroup>
    <FxCompile Include="Shaders\PixelShader.hlsl">
      <Filter>Shaders</Filter>
    </FxCompile>
    <FxCompile Include="Shaders\RootSignature.hlsli">
      <Filter>Shaders</Filter>
    </FxCompile>
    <FxCompile Include="Shaders\VertexShader.hlsl">
      <Filter>Shaders</Filter>
    </FxCompile>
  </ItemGroup>
</Project>