<?xml version="1.0" encoding="utf-8"?>
<Project ToolsVersion="4.0" xmlns="http://schemas.microsoft.com/developer/msbuild/2003">
  <ItemGroup>
    <Filter Include="Source Files">
      <UniqueIdentifier>{4FC737F1-C7A5-4376-A066-2A32D752A2FF}</UniqueIdentifier>
      <Extensions>cpp;c;cc;cxx;c++;cppm;ixx;def;odl;idl;hpj;bat;asm;asmx</Extensions>
    </Filter>
    <Filter Include="Header Files">
      <UniqueIdentifier>{93995380-89BD-4b04-88EB-625FBE52EBFB}</UniqueIdentifier>
      <Extensions>h;hh;hpp;hxx;h++;hm;inl;inc;ipp;xsd</Extensions>
    </Filter>
    <Filter Include="Resource Files">
      <UniqueIdentifier>{67DA6AB6-F800-4c08-8B7A-83BB121AAD01}</UniqueIdentifier>
      <Extensions>rc;ico;cur;bmp;dlg;rc2;rct;bin;rgs;gif;jpg;jpeg;jpe;resx;tiff;tif;png;wav;mfcribbon-ms</Extensions>
    </Filter>
    <Filter Include="Shaders">
      <UniqueIdentifier>{01af7a07-cbf7-436e-9a24-be9e79531dc3}</UniqueIdentifier>
    </Filter>
  </ItemGroup>
  <ItemGroup>
    <ClInclude Include="resource.h">
      <Filter>Header Files</Filter>
    </ClInclude>
  </ItemGroup>
  <ItemGroup>
    <ResourceCompile Include="PonyEngine.Render.rc">
      <Filter>Resource Files</Filter>
    </ResourceCompile>
  </ItemGroup>
  <ItemGroup>
    <ClCompile Include="Source\Public\Render.Direct3D12.Windows\Render.Direct3D12.Windows.Impl.cppm">
      <Filter>Source Files</Filter>
    </ClCompile>
    <ClCompile Include="Source\Private\Render.Direct3D12.Windows\Render.Direct3D12.Windows.Detail-RenderSystem.cppm">
      <Filter>Source Files</Filter>
    </ClCompile>
    <ClCompile Include="Source\Private\Render.Direct3D12.Windows\Render.Direct3D12.Windows.Detail-RenderSystemFactoryImpl.cppm">
      <Filter>Source Files</Filter>
    </ClCompile>
    <ClCompile Include="Source\Private\Render.Direct3D12\Render.Direct3D12.Detail.cppm">
      <Filter>Source Files</Filter>
    </ClCompile>
    <ClCompile Include="Source\Private\Render.Direct3D12\Render.Direct3D12.Detail-SubSystem.cppm">
      <Filter>Source Files</Filter>
    </ClCompile>
    <ClCompile Include="Source\Private\Render\Render.Detail.cppm">
      <Filter>Source Files</Filter>
    </ClCompile>
    <ClCompile Include="Source\Private\Render\Render.Detail-IRenderSystemContext.cppm">
      <Filter>Source Files</Filter>
    </ClCompile>
    <ClCompile Include="Source\Private\Render.Direct3D12\Render.Direct3D12.Detail-RenderObject.cppm">
      <Filter>Source Files</Filter>
    </ClCompile>
    <ClCompile Include="Source\Private\Render.Direct3D12\Render.Direct3D12.Detail-Mesh.cppm">
      <Filter>Source Files</Filter>
    </ClCompile>
    <ClCompile Include="Source\Private\Render.Direct3D12\Render.Direct3D12.Detail-Fence.cppm">
      <Filter>Source Files</Filter>
    </ClCompile>
    <ClCompile Include="Source\Private\Render.Direct3D12\Render.Direct3D12.Detail-Shader.cppm">
      <Filter>Source Files</Filter>
    </ClCompile>
    <ClCompile Include="Source\Private\Render.Direct3D12\Render.Direct3D12.Detail-Material.cppm">
      <Filter>Source Files</Filter>
    </ClCompile>
    <ClCompile Include="Source\Private\Render.Direct3D12\Render.Direct3D12.Detail-RenderObjectManager.cppm">
      <Filter>Source Files</Filter>
    </ClCompile>
    <ClCompile Include="Source\Private\Render.Direct3D12\Render.Direct3D12.Detail-GraphicsPipeline.cppm">
      <Filter>Source Files</Filter>
    </ClCompile>
    <ClCompile Include="Source\Private\Render.Direct3D12\Render.Direct3D12.Detail-MeshManager.cppm">
      <Filter>Source Files</Filter>
    </ClCompile>
    <ClCompile Include="Source\Private\Render.Direct3D12.Windows\Render.Direct3D12.Windows.Detail.cppm">
      <Filter>Source Files</Filter>
    </ClCompile>
    <ClCompile Include="Source\Private\Render.Direct3D12\Render.Direct3D12.Detail-CpuWaiter.cppm">
      <Filter>Source Files</Filter>
    </ClCompile>
    <ClCompile Include="Source\Private\Render.Direct3D12\Render.Direct3D12.Detail-MaterialManager.cppm">
      <Filter>Source Files</Filter>
    </ClCompile>
    <ClCompile Include="Source\Private\Render.Direct3D12\Render.Direct3D12.Detail-RootSignature.cppm">
      <Filter>Source Files</Filter>
    </ClCompile>
    <ClCompile Include="Source\Private\Render.Direct3D12\Render.Direct3D12.Detail-RootSignatureManager.cppm">
      <Filter>Source Files</Filter>
    </ClCompile>
    <ClCompile Include="Source\Private\Render.Direct3D12\Render.Direct3D12.Detail-ISubSystemContext.cppm">
      <Filter>Source Files</Filter>
    </ClCompile>
    <ClCompile Include="Source\Private\Render.DXGI\Render.DXGI.Detail.cppm">
      <Filter>Source Files</Filter>
    </ClCompile>
    <ClCompile Include="Source\Private\Render.DXGI\Render.DXGI.Detail-IRenderSystemContext.cppm">
      <Filter>Source Files</Filter>
    </ClCompile>
    <ClCompile Include="Source\Private\Render.DXGI\Render.DXGI.Detail-ISubSystemContext.cppm">
      <Filter>Source Files</Filter>
    </ClCompile>
    <ClCompile Include="Source\Private\Render.DXGI\Render.DXGI.Detail-SwapChain.cppm">
      <Filter>Source Files</Filter>
    </ClCompile>
    <ClCompile Include="Source\Private\Render.DXGI\Render.DXGI.Detail-SubSystem.cppm">
      <Filter>Source Files</Filter>
    </ClCompile>
    <ClCompile Include="Source\Private\Render.DXGI\Render.DXGI.Detail-SwapChainParams.cppm">
      <Filter>Source Files</Filter>
    </ClCompile>
    <ClCompile Include="Source\Private\Render.DXGI\Render.DXGI.Detail-ISwapChain.cppm">
      <Filter>Source Files</Filter>
    </ClCompile>
    <ClCompile Include="Source\Private\Render.Direct3D12\Render.Direct3D12.Detail-IRootSignatureManager.cppm">
      <Filter>Source Files</Filter>
    </ClCompile>
    <ClCompile Include="Source\Private\Render.Direct3D12\Render.Direct3D12.Detail-IMaterialManager.cppm">
      <Filter>Source Files</Filter>
    </ClCompile>
    <ClCompile Include="Source\Private\Render.Direct3D12\Render.Direct3D12.Detail-IMeshManager.cppm">
      <Filter>Source Files</Filter>
    </ClCompile>
    <ClCompile Include="Source\Private\Render.Direct3D12\Render.Direct3D12.Detail-FrameParams.cppm">
      <Filter>Source Files</Filter>
    </ClCompile>
    <ClCompile Include="Source\Private\Render.Direct3D12\Render.Direct3D12.Detail-SubSystemParams.cppm">
      <Filter>Source Files</Filter>
    </ClCompile>
    <ClCompile Include="Source\Private\Render.Direct3D12\Render.Direct3D12.Detail-CopyPipeline.cppm">
      <Filter>Source Files</Filter>
    </ClCompile>
    <ClCompile Include="Source\Private\Render.Direct3D12\Render.Direct3D12.Detail-ICopyPipeline.cppm">
      <Filter>Source Files</Filter>
    </ClCompile>
    <ClCompile Include="Source\Private\Render.Direct3D12\Render.Direct3D12.Detail-GpuWaiter.cppm">
      <Filter>Source Files</Filter>
    </ClCompile>
    <ClCompile Include="Source\Private\Render.Direct3D12\Render.Direct3D12.Detail-IGraphicsPipeline.cppm">
      <Filter>Source Files</Filter>
    </ClCompile>
    <ClCompile Include="Source\Private\Render.Direct3D12\Render.Direct3D12.Detail-FormatUtility.cppm">
      <Filter>Source Files</Filter>
    </ClCompile>
    <ClCompile Include="Source\Private\Render.Direct3D12\Render.Direct3D12.Detail-BackManager.cppm">
      <Filter>Source Files</Filter>
    </ClCompile>
    <ClCompile Include="Source\Private\Render.Direct3D12\Render.Direct3D12.Detail-IBackManager.cppm">
      <Filter>Source Files</Filter>
    </ClCompile>
    <ClCompile Include="Source\Private\Render.Direct3D12\Render.Direct3D12.Detail-BackParams.cppm">
      <Filter>Source Files</Filter>
    </ClCompile>
    <ClCompile Include="Source\Private\Render.Direct3D12\Render.Direct3D12.Detail-SrgbOutputQuad.cppm">
      <Filter>Source Files</Filter>
    </ClCompile>
    <ClCompile Include="Source\Private\Render.Direct3D12\Render.Direct3D12.Detail-PipelineStateUtility.cppm">
      <Filter>Source Files</Filter>
    </ClCompile>
    <ClCompile Include="Source\Private\Render.Direct3D12\Render.Direct3D12.Detail-ObjectUtility.cppm">
      <Filter>Source Files</Filter>
    </ClCompile>
    <ClCompile Include="Source\Private\Render.Direct3D12\Render.Direct3D12.Detail-IRenderSystemContext.cppm">
      <Filter>Source Files</Filter>
    </ClCompile>
    <ClCompile Include="Source\Private\Render.Direct3D12\Render.Direct3D12.Detail-DescriptorHeap.cppm">
      <Filter>Source Files</Filter>
    </ClCompile>
    <ClCompile Include="Source\Private\Render.Direct3D12\Render.Direct3D12.Detail-IDescriptorHeapManager.cppm">
      <Filter>Source Files</Filter>
    </ClCompile>
    <ClCompile Include="Source\Private\Render.Direct3D12\Render.Direct3D12.Detail-DescriptorHeapManager.cppm">
      <Filter>Source Files</Filter>
    </ClCompile>
    <ClCompile Include="Source\Private\Render.Direct3D12\Render.Direct3D12.Detail-Buffer.cppm">
      <Filter>Source Files</Filter>
    </ClCompile>
    <ClCompile Include="Source\Private\Render.Direct3D12\Render.Direct3D12.Detail-Texture.cppm">
      <Filter>Source Files</Filter>
    </ClCompile>
    <ClCompile Include="Source\Private\Render.Direct3D12\Render.Direct3D12.Detail-IResourceManager.cppm">
      <Filter>Source Files</Filter>
    </ClCompile>
    <ClCompile Include="Source\Private\Render.Direct3D12\Render.Direct3D12.Detail-HeapType.cppm">
      <Filter>Source Files</Filter>
    </ClCompile>
    <ClCompile Include="Source\Private\Render.Direct3D12\Render.Direct3D12.Detail-ResourceManager.cppm">
      <Filter>Source Files</Filter>
    </ClCompile>
    <ClCompile Include="Source\Private\Render.Direct3D12\Render.Direct3D12.Detail-Resource.cppm">
      <Filter>Source Files</Filter>
    </ClCompile>
    <ClCompile Include="Source\Private\Render.Direct3D12\Render.Direct3D12.Detail-Camera.cppm">
      <Filter>Source Files</Filter>
    </ClCompile>
    <ClCompile Include="Source\Private\Render.Direct3D12\Render.Direct3D12.Detail-CameraManager.cppm">
      <Filter>Source Files</Filter>
    </ClCompile>
    <ClCompile Include="Source\Private\Render.Direct3D12\Render.Direct3D12.Detail-Frame.cppm">
      <Filter>Source Files</Filter>
    </ClCompile>
    <ClCompile Include="Source\Private\Render.Direct3D12\Render.Direct3D12.Detail-IFrameManager.cppm">
      <Filter>Source Files</Filter>
    </ClCompile>
    <ClCompile Include="Source\Private\Render.Direct3D12\Render.Direct3D12.Detail-FrameManager.cppm">
      <Filter>Source Files</Filter>
    </ClCompile>
    <ClCompile Include="Source\Private\Render.Direct3D12\Render.Direct3D12.Detail-Transform.cppm">
      <Filter>Source Files</Filter>
    </ClCompile>
    <ClCompile Include="Source\Private\Render.Direct3D12\Render.Direct3D12.Detail-Pipeline.cppm">
      <Filter>Source Files</Filter>
    </ClCompile>
    <ClCompile Include="Source\Private\Render.Direct3D12\Render.Direct3D12.Detail-IShaderManager.cppm">
      <Filter>Source Files</Filter>
    </ClCompile>
    <ClCompile Include="Source\Private\Render.Direct3D12\Render.Direct3D12.Detail-ShaderManager.cppm">
      <Filter>Source Files</Filter>
    </ClCompile>
  </ItemGroup>
  <ItemGroup>
    <FxCompile Include="Shaders\Source\PixelShader.hlsl">
      <Filter>Shaders</Filter>
    </FxCompile>
    <FxCompile Include="Shaders\Source\RootSig.hlsl">
      <Filter>Shaders</Filter>
    </FxCompile>
    <FxCompile Include="Shaders\Source\MeshShader.hlsl">
      <Filter>Shaders</Filter>
    </FxCompile>
    <FxCompile Include="Shaders\Source\OutputRootSig.hlsl">
      <Filter>Shaders</Filter>
    </FxCompile>
    <FxCompile Include="Shaders\Source\OutputMeshShader.hlsl">
      <Filter>Shaders</Filter>
    </FxCompile>
    <FxCompile Include="Shaders\Source\OutputPixelShader.hlsl">
      <Filter>Shaders</Filter>
    </FxCompile>
  </ItemGroup>
  <ItemGroup>
    <None Include="Shaders\Include\Public\PonyEngine\Shader\Meshlet.hlsli" />
    <None Include="Shaders\Include\Public\PonyEngine\Shader\Transform.hlsli" />
    <None Include="Shaders\Include\Public\PonyEngine\Shader\Types.hlsli" />
    <None Include="Shaders\Include\Public\PonyEngine\Shader\Primitive.hlsli" />
  </ItemGroup>
</Project>