
Microsoft Visual Studio Solution File, Format Version 12.00
# Visual Studio Version 17
VisualStudioVersion = 17.8.34316.72
MinimumVisualStudioVersion = 10.0.40219.1
Project("{8BC9CEB8-8B4A-11D0-8D11-00A0C91BC942}") = "Application", "Projects\Application\Application\Application.vcxproj", "{7E5B9125-F55A-48D9-8458-B961A4EACE9A}"
EndProject
Project("{8BC9CEB8-8B4A-11D0-8D11-00A0C91BC942}") = "Game", "Projects\Game\Game\Game.vcxproj", "{4EEFCB24-AA26-40A6-8AB1-ED3682AE0223}"
EndProject
Project("{8BC9CEB8-8B4A-11D0-8D11-00A0C91BC942}") = "Game.API", "Projects\Game\Game.API\Game.API.vcxproj", "{99FDB484-32AA-4B54-8136-4E3AE086A989}"
EndProject
Project("{8BC9CEB8-8B4A-11D0-8D11-00A0C91BC942}") = "PonyBase.Core", "Projects\PonyBase\PonyBase.Core\PonyBase.Core.vcxproj", "{DDE9FC95-F61B-4C75-87BB-AA10CD7DC4FA}"
EndProject
Project("{8BC9CEB8-8B4A-11D0-8D11-00A0C91BC942}") = "PonyBase.Utility", "Projects\PonyBase\PonyBase.Utility\PonyBase.Utility.vcxproj", "{B3E69E98-B5F5-443C-A9E1-99E775557C81}"
EndProject
Project("{8BC9CEB8-8B4A-11D0-8D11-00A0C91BC942}") = "PonyMath.Core", "Projects\PonyMath\PonyMath.Core\PonyMath.Core.vcxproj", "{6F808C7F-60C8-4894-91ED-CFB0906AF8F0}"
EndProject
Project("{8BC9CEB8-8B4A-11D0-8D11-00A0C91BC942}") = "PonyDebug.Log", "Projects\PonyDebug\PonyDebug.Log\PonyDebug.Log.vcxproj", "{260938CA-8A73-40F8-AB77-D1A2295E8FD9}"
EndProject
Project("{8BC9CEB8-8B4A-11D0-8D11-00A0C91BC942}") = "PonyDebug.Log.API", "Projects\PonyDebug\PonyDebug.Log.API\PonyDebug.Log.API.vcxproj", "{8B6B1B01-CBC6-414D-B455-0BB7ABEDAE4C}"
EndProject
Project("{8BC9CEB8-8B4A-11D0-8D11-00A0C91BC942}") = "PonyEngine.Core", "Projects\PonyEngine\PonyEngine.Core\PonyEngine.Core.vcxproj", "{0AEBF801-C59E-408A-BEA2-D3582D7DB3F2}"
EndProject
Project("{8BC9CEB8-8B4A-11D0-8D11-00A0C91BC942}") = "PonyEngine.Core.API", "Projects\PonyEngine\PonyEngine.Core.API\PonyEngine.Core.API.vcxproj", "{00A276D2-91E6-4EF6-9380-BE06AD925D61}"
EndProject
Project("{8BC9CEB8-8B4A-11D0-8D11-00A0C91BC942}") = "PonyEngine.Input", "Projects\PonyEngine\PonyEngine.Input\PonyEngine.Input.vcxproj", "{7F22ADBE-2C5A-44BE-B885-C2D041337190}"
EndProject
Project("{8BC9CEB8-8B4A-11D0-8D11-00A0C91BC942}") = "PonyEngine.Input.API", "Projects\PonyEngine\PonyEngine.Input.API\PonyEngine.Input.API.vcxproj", "{245050D3-3C78-445C-89B1-9972E3FCC379}"
EndProject
Project("{8BC9CEB8-8B4A-11D0-8D11-00A0C91BC942}") = "PonyEngine.Render", "Projects\PonyEngine\PonyEngine.Render\PonyEngine.Render.vcxproj", "{ABD4E8F3-04FB-41F8-A7B0-B628FE63A030}"
EndProject
Project("{8BC9CEB8-8B4A-11D0-8D11-00A0C91BC942}") = "PonyEngine.Render.API", "Projects\PonyEngine\PonyEngine.Render.API\PonyEngine.Render.API.vcxproj", "{9A54F3C1-1617-4DA7-A874-8C16B37E018A}"
EndProject
Project("{8BC9CEB8-8B4A-11D0-8D11-00A0C91BC942}") = "PonyEngine.Time", "Projects\PonyEngine\PonyEngine.Time\PonyEngine.Time.vcxproj", "{D58A635F-EC7C-4B7B-8301-7C51118D9D6F}"
EndProject
Project("{8BC9CEB8-8B4A-11D0-8D11-00A0C91BC942}") = "PonyEngine.Time.API", "Projects\PonyEngine\PonyEngine.Time.API\PonyEngine.Time.API.vcxproj", "{8B3F2887-0863-444C-884E-DFE775F31BA0}"
EndProject
Project("{8BC9CEB8-8B4A-11D0-8D11-00A0C91BC942}") = "PonyEngine.Window", "Projects\PonyEngine\PonyEngine.Window\PonyEngine.Window.vcxproj", "{6F7C3D39-FD6C-447B-9191-A401EFDFFC08}"
EndProject
Project("{8BC9CEB8-8B4A-11D0-8D11-00A0C91BC942}") = "PonyEngine.Window.API", "Projects\PonyEngine\PonyEngine.Window.API\PonyEngine.Window.API.vcxproj", "{0A2CF7D6-506C-405F-AFAA-B045AD0FA2A6}"
EndProject
Project("{8BC9CEB8-8B4A-11D0-8D11-00A0C91BC942}") = "PonyBase.Tests", "Projects\Tests\PonyBase.Tests\PonyBase.Tests.vcxproj", "{71CCAFBF-C9EE-4C42-907D-363C25C760AA}"
EndProject
Project("{8BC9CEB8-8B4A-11D0-8D11-00A0C91BC942}") = "PonyDebug.Tests", "Projects\Tests\PonyDebug.Tests\PonyDebug.Tests.vcxproj", "{6ABC3068-F136-4006-B761-BFDD611F1A48}"
EndProject
Project("{8BC9CEB8-8B4A-11D0-8D11-00A0C91BC942}") = "PonyEngine.Tests", "Projects\Tests\PonyEngine.Tests\PonyEngine.Tests.vcxproj", "{4A46DDED-881E-4A6E-9874-2EBFB1A9CE50}"
EndProject
Project("{2150E333-8FDC-42A3-9474-1A3956D46DE8}") = "Application", "Application", "{783A37A8-7A26-4D83-9E23-76352BCFCDAD}"
EndProject
Project("{2150E333-8FDC-42A3-9474-1A3956D46DE8}") = "Game", "Game", "{B548428F-A26F-4FD5-9587-45D3CB54C39D}"
EndProject
Project("{2150E333-8FDC-42A3-9474-1A3956D46DE8}") = "PonyBase", "PonyBase", "{BD0937A3-F4B7-4BDA-A973-01C75F07334F}"
EndProject
Project("{2150E333-8FDC-42A3-9474-1A3956D46DE8}") = "PonyMath", "PonyMath", "{373D347D-5FA2-4A67-8FCB-FDEA7B8D6BFD}"
EndProject
Project("{2150E333-8FDC-42A3-9474-1A3956D46DE8}") = "PonyDebug", "PonyDebug", "{6A84173E-6912-4763-BC79-2554E96FA784}"
EndProject
Project("{2150E333-8FDC-42A3-9474-1A3956D46DE8}") = "PonyEngine", "PonyEngine", "{EDA4A489-53F7-482E-A9A8-D078EF8625A6}"
EndProject
Project("{2150E333-8FDC-42A3-9474-1A3956D46DE8}") = "Tests", "Tests", "{43F91669-3F87-4CB1-BA38-E3D973C07263}"
EndProject
Project("{8BC9CEB8-8B4A-11D0-8D11-00A0C91BC942}") = "PonyMath.Geometry", "Projects\PonyMath\PonyMath.Geometry\PonyMath.Geometry.vcxproj", "{2AB77CC5-4A2F-40A2-AF75-2B448BBABB89}"
EndProject
Project("{8BC9CEB8-8B4A-11D0-8D11-00A0C91BC942}") = "PonyEngine.Screen.API", "Projects\PonyEngine\PonyEngine.Screen.API\PonyEngine.Screen.API.vcxproj", "{AF990672-C1E8-41C8-9E42-A4DC871AE69B}"
EndProject
Project("{8BC9CEB8-8B4A-11D0-8D11-00A0C91BC942}") = "PonyMath.Tests", "Projects\Tests\PonyMath.Tests\PonyMath.Tests.vcxproj", "{2965A8A8-6E6B-430A-84C5-9792AE8620B4}"
EndProject
Global
	GlobalSection(SolutionConfigurationPlatforms) = preSolution
		Debug|x64 = Debug|x64
		Release|x64 = Release|x64
	EndGlobalSection
	GlobalSection(ProjectConfigurationPlatforms) = postSolution
		{7E5B9125-F55A-48D9-8458-B961A4EACE9A}.Debug|x64.ActiveCfg = Debug|x64
		{7E5B9125-F55A-48D9-8458-B961A4EACE9A}.Debug|x64.Build.0 = Debug|x64
		{7E5B9125-F55A-48D9-8458-B961A4EACE9A}.Release|x64.ActiveCfg = Release|x64
		{7E5B9125-F55A-48D9-8458-B961A4EACE9A}.Release|x64.Build.0 = Release|x64
		{4EEFCB24-AA26-40A6-8AB1-ED3682AE0223}.Debug|x64.ActiveCfg = Debug|x64
		{4EEFCB24-AA26-40A6-8AB1-ED3682AE0223}.Debug|x64.Build.0 = Debug|x64
		{4EEFCB24-AA26-40A6-8AB1-ED3682AE0223}.Release|x64.ActiveCfg = Release|x64
		{4EEFCB24-AA26-40A6-8AB1-ED3682AE0223}.Release|x64.Build.0 = Release|x64
		{99FDB484-32AA-4B54-8136-4E3AE086A989}.Debug|x64.ActiveCfg = Debug|x64
		{99FDB484-32AA-4B54-8136-4E3AE086A989}.Debug|x64.Build.0 = Debug|x64
		{99FDB484-32AA-4B54-8136-4E3AE086A989}.Release|x64.ActiveCfg = Release|x64
		{99FDB484-32AA-4B54-8136-4E3AE086A989}.Release|x64.Build.0 = Release|x64
		{DDE9FC95-F61B-4C75-87BB-AA10CD7DC4FA}.Debug|x64.ActiveCfg = Debug|x64
		{DDE9FC95-F61B-4C75-87BB-AA10CD7DC4FA}.Debug|x64.Build.0 = Debug|x64
		{DDE9FC95-F61B-4C75-87BB-AA10CD7DC4FA}.Release|x64.ActiveCfg = Release|x64
		{DDE9FC95-F61B-4C75-87BB-AA10CD7DC4FA}.Release|x64.Build.0 = Release|x64
		{B3E69E98-B5F5-443C-A9E1-99E775557C81}.Debug|x64.ActiveCfg = Debug|x64
		{B3E69E98-B5F5-443C-A9E1-99E775557C81}.Debug|x64.Build.0 = Debug|x64
		{B3E69E98-B5F5-443C-A9E1-99E775557C81}.Release|x64.ActiveCfg = Release|x64
		{B3E69E98-B5F5-443C-A9E1-99E775557C81}.Release|x64.Build.0 = Release|x64
		{6F808C7F-60C8-4894-91ED-CFB0906AF8F0}.Debug|x64.ActiveCfg = Debug|x64
		{6F808C7F-60C8-4894-91ED-CFB0906AF8F0}.Debug|x64.Build.0 = Debug|x64
		{6F808C7F-60C8-4894-91ED-CFB0906AF8F0}.Release|x64.ActiveCfg = Release|x64
		{6F808C7F-60C8-4894-91ED-CFB0906AF8F0}.Release|x64.Build.0 = Release|x64
		{260938CA-8A73-40F8-AB77-D1A2295E8FD9}.Debug|x64.ActiveCfg = Debug|x64
		{260938CA-8A73-40F8-AB77-D1A2295E8FD9}.Debug|x64.Build.0 = Debug|x64
		{260938CA-8A73-40F8-AB77-D1A2295E8FD9}.Release|x64.ActiveCfg = Release|x64
		{260938CA-8A73-40F8-AB77-D1A2295E8FD9}.Release|x64.Build.0 = Release|x64
		{8B6B1B01-CBC6-414D-B455-0BB7ABEDAE4C}.Debug|x64.ActiveCfg = Debug|x64
		{8B6B1B01-CBC6-414D-B455-0BB7ABEDAE4C}.Debug|x64.Build.0 = Debug|x64
		{8B6B1B01-CBC6-414D-B455-0BB7ABEDAE4C}.Release|x64.ActiveCfg = Release|x64
		{8B6B1B01-CBC6-414D-B455-0BB7ABEDAE4C}.Release|x64.Build.0 = Release|x64
		{0AEBF801-C59E-408A-BEA2-D3582D7DB3F2}.Debug|x64.ActiveCfg = Debug|x64
		{0AEBF801-C59E-408A-BEA2-D3582D7DB3F2}.Debug|x64.Build.0 = Debug|x64
		{0AEBF801-C59E-408A-BEA2-D3582D7DB3F2}.Release|x64.ActiveCfg = Release|x64
		{0AEBF801-C59E-408A-BEA2-D3582D7DB3F2}.Release|x64.Build.0 = Release|x64
		{00A276D2-91E6-4EF6-9380-BE06AD925D61}.Debug|x64.ActiveCfg = Debug|x64
		{00A276D2-91E6-4EF6-9380-BE06AD925D61}.Debug|x64.Build.0 = Debug|x64
		{00A276D2-91E6-4EF6-9380-BE06AD925D61}.Release|x64.ActiveCfg = Release|x64
		{00A276D2-91E6-4EF6-9380-BE06AD925D61}.Release|x64.Build.0 = Release|x64
		{7F22ADBE-2C5A-44BE-B885-C2D041337190}.Debug|x64.ActiveCfg = Debug|x64
		{7F22ADBE-2C5A-44BE-B885-C2D041337190}.Debug|x64.Build.0 = Debug|x64
		{7F22ADBE-2C5A-44BE-B885-C2D041337190}.Release|x64.ActiveCfg = Release|x64
		{7F22ADBE-2C5A-44BE-B885-C2D041337190}.Release|x64.Build.0 = Release|x64
		{245050D3-3C78-445C-89B1-9972E3FCC379}.Debug|x64.ActiveCfg = Debug|x64
		{245050D3-3C78-445C-89B1-9972E3FCC379}.Debug|x64.Build.0 = Debug|x64
		{245050D3-3C78-445C-89B1-9972E3FCC379}.Release|x64.ActiveCfg = Release|x64
		{245050D3-3C78-445C-89B1-9972E3FCC379}.Release|x64.Build.0 = Release|x64
		{ABD4E8F3-04FB-41F8-A7B0-B628FE63A030}.Debug|x64.ActiveCfg = Debug|x64
		{ABD4E8F3-04FB-41F8-A7B0-B628FE63A030}.Debug|x64.Build.0 = Debug|x64
		{ABD4E8F3-04FB-41F8-A7B0-B628FE63A030}.Release|x64.ActiveCfg = Release|x64
		{ABD4E8F3-04FB-41F8-A7B0-B628FE63A030}.Release|x64.Build.0 = Release|x64
		{9A54F3C1-1617-4DA7-A874-8C16B37E018A}.Debug|x64.ActiveCfg = Debug|x64
		{9A54F3C1-1617-4DA7-A874-8C16B37E018A}.Debug|x64.Build.0 = Debug|x64
		{9A54F3C1-1617-4DA7-A874-8C16B37E018A}.Release|x64.ActiveCfg = Release|x64
		{9A54F3C1-1617-4DA7-A874-8C16B37E018A}.Release|x64.Build.0 = Release|x64
		{D58A635F-EC7C-4B7B-8301-7C51118D9D6F}.Debug|x64.ActiveCfg = Debug|x64
		{D58A635F-EC7C-4B7B-8301-7C51118D9D6F}.Debug|x64.Build.0 = Debug|x64
		{D58A635F-EC7C-4B7B-8301-7C51118D9D6F}.Release|x64.ActiveCfg = Release|x64
		{D58A635F-EC7C-4B7B-8301-7C51118D9D6F}.Release|x64.Build.0 = Release|x64
		{8B3F2887-0863-444C-884E-DFE775F31BA0}.Debug|x64.ActiveCfg = Debug|x64
		{8B3F2887-0863-444C-884E-DFE775F31BA0}.Debug|x64.Build.0 = Debug|x64
		{8B3F2887-0863-444C-884E-DFE775F31BA0}.Release|x64.ActiveCfg = Release|x64
		{8B3F2887-0863-444C-884E-DFE775F31BA0}.Release|x64.Build.0 = Release|x64
		{6F7C3D39-FD6C-447B-9191-A401EFDFFC08}.Debug|x64.ActiveCfg = Debug|x64
		{6F7C3D39-FD6C-447B-9191-A401EFDFFC08}.Debug|x64.Build.0 = Debug|x64
		{6F7C3D39-FD6C-447B-9191-A401EFDFFC08}.Release|x64.ActiveCfg = Release|x64
		{6F7C3D39-FD6C-447B-9191-A401EFDFFC08}.Release|x64.Build.0 = Release|x64
		{0A2CF7D6-506C-405F-AFAA-B045AD0FA2A6}.Debug|x64.ActiveCfg = Debug|x64
		{0A2CF7D6-506C-405F-AFAA-B045AD0FA2A6}.Debug|x64.Build.0 = Debug|x64
		{0A2CF7D6-506C-405F-AFAA-B045AD0FA2A6}.Release|x64.ActiveCfg = Release|x64
		{0A2CF7D6-506C-405F-AFAA-B045AD0FA2A6}.Release|x64.Build.0 = Release|x64
		{71CCAFBF-C9EE-4C42-907D-363C25C760AA}.Debug|x64.ActiveCfg = Debug|x64
		{71CCAFBF-C9EE-4C42-907D-363C25C760AA}.Debug|x64.Build.0 = Debug|x64
		{71CCAFBF-C9EE-4C42-907D-363C25C760AA}.Release|x64.ActiveCfg = Release|x64
		{71CCAFBF-C9EE-4C42-907D-363C25C760AA}.Release|x64.Build.0 = Release|x64
		{6ABC3068-F136-4006-B761-BFDD611F1A48}.Debug|x64.ActiveCfg = Debug|x64
		{6ABC3068-F136-4006-B761-BFDD611F1A48}.Debug|x64.Build.0 = Debug|x64
		{6ABC3068-F136-4006-B761-BFDD611F1A48}.Release|x64.ActiveCfg = Release|x64
		{6ABC3068-F136-4006-B761-BFDD611F1A48}.Release|x64.Build.0 = Release|x64
		{4A46DDED-881E-4A6E-9874-2EBFB1A9CE50}.Debug|x64.ActiveCfg = Debug|x64
		{4A46DDED-881E-4A6E-9874-2EBFB1A9CE50}.Debug|x64.Build.0 = Debug|x64
		{4A46DDED-881E-4A6E-9874-2EBFB1A9CE50}.Release|x64.ActiveCfg = Release|x64
		{4A46DDED-881E-4A6E-9874-2EBFB1A9CE50}.Release|x64.Build.0 = Release|x64
		{2AB77CC5-4A2F-40A2-AF75-2B448BBABB89}.Debug|x64.ActiveCfg = Debug|x64
		{2AB77CC5-4A2F-40A2-AF75-2B448BBABB89}.Debug|x64.Build.0 = Debug|x64
		{2AB77CC5-4A2F-40A2-AF75-2B448BBABB89}.Release|x64.ActiveCfg = Release|x64
		{2AB77CC5-4A2F-40A2-AF75-2B448BBABB89}.Release|x64.Build.0 = Release|x64
		{AF990672-C1E8-41C8-9E42-A4DC871AE69B}.Debug|x64.ActiveCfg = Debug|x64
		{AF990672-C1E8-41C8-9E42-A4DC871AE69B}.Debug|x64.Build.0 = Debug|x64
		{AF990672-C1E8-41C8-9E42-A4DC871AE69B}.Release|x64.ActiveCfg = Release|x64
		{AF990672-C1E8-41C8-9E42-A4DC871AE69B}.Release|x64.Build.0 = Release|x64
		{2965A8A8-6E6B-430A-84C5-9792AE8620B4}.Debug|x64.ActiveCfg = Debug|x64
		{2965A8A8-6E6B-430A-84C5-9792AE8620B4}.Debug|x64.Build.0 = Debug|x64
		{2965A8A8-6E6B-430A-84C5-9792AE8620B4}.Release|x64.ActiveCfg = Release|x64
		{2965A8A8-6E6B-430A-84C5-9792AE8620B4}.Release|x64.Build.0 = Release|x64
	EndGlobalSection
	GlobalSection(SolutionProperties) = preSolution
		HideSolutionNode = FALSE
	EndGlobalSection
	GlobalSection(NestedProjects) = preSolution
		{7E5B9125-F55A-48D9-8458-B961A4EACE9A} = {783A37A8-7A26-4D83-9E23-76352BCFCDAD}
		{4EEFCB24-AA26-40A6-8AB1-ED3682AE0223} = {B548428F-A26F-4FD5-9587-45D3CB54C39D}
		{99FDB484-32AA-4B54-8136-4E3AE086A989} = {B548428F-A26F-4FD5-9587-45D3CB54C39D}
		{DDE9FC95-F61B-4C75-87BB-AA10CD7DC4FA} = {BD0937A3-F4B7-4BDA-A973-01C75F07334F}
		{B3E69E98-B5F5-443C-A9E1-99E775557C81} = {BD0937A3-F4B7-4BDA-A973-01C75F07334F}
		{6F808C7F-60C8-4894-91ED-CFB0906AF8F0} = {373D347D-5FA2-4A67-8FCB-FDEA7B8D6BFD}
		{260938CA-8A73-40F8-AB77-D1A2295E8FD9} = {6A84173E-6912-4763-BC79-2554E96FA784}
		{8B6B1B01-CBC6-414D-B455-0BB7ABEDAE4C} = {6A84173E-6912-4763-BC79-2554E96FA784}
		{0AEBF801-C59E-408A-BEA2-D3582D7DB3F2} = {EDA4A489-53F7-482E-A9A8-D078EF8625A6}
		{00A276D2-91E6-4EF6-9380-BE06AD925D61} = {EDA4A489-53F7-482E-A9A8-D078EF8625A6}
		{7F22ADBE-2C5A-44BE-B885-C2D041337190} = {EDA4A489-53F7-482E-A9A8-D078EF8625A6}
		{245050D3-3C78-445C-89B1-9972E3FCC379} = {EDA4A489-53F7-482E-A9A8-D078EF8625A6}
		{ABD4E8F3-04FB-41F8-A7B0-B628FE63A030} = {EDA4A489-53F7-482E-A9A8-D078EF8625A6}
		{9A54F3C1-1617-4DA7-A874-8C16B37E018A} = {EDA4A489-53F7-482E-A9A8-D078EF8625A6}
		{D58A635F-EC7C-4B7B-8301-7C51118D9D6F} = {EDA4A489-53F7-482E-A9A8-D078EF8625A6}
		{8B3F2887-0863-444C-884E-DFE775F31BA0} = {EDA4A489-53F7-482E-A9A8-D078EF8625A6}
		{6F7C3D39-FD6C-447B-9191-A401EFDFFC08} = {EDA4A489-53F7-482E-A9A8-D078EF8625A6}
		{0A2CF7D6-506C-405F-AFAA-B045AD0FA2A6} = {EDA4A489-53F7-482E-A9A8-D078EF8625A6}
		{71CCAFBF-C9EE-4C42-907D-363C25C760AA} = {43F91669-3F87-4CB1-BA38-E3D973C07263}
		{6ABC3068-F136-4006-B761-BFDD611F1A48} = {43F91669-3F87-4CB1-BA38-E3D973C07263}
		{4A46DDED-881E-4A6E-9874-2EBFB1A9CE50} = {43F91669-3F87-4CB1-BA38-E3D973C07263}
		{2AB77CC5-4A2F-40A2-AF75-2B448BBABB89} = {373D347D-5FA2-4A67-8FCB-FDEA7B8D6BFD}
		{AF990672-C1E8-41C8-9E42-A4DC871AE69B} = {EDA4A489-53F7-482E-A9A8-D078EF8625A6}
		{2965A8A8-6E6B-430A-84C5-9792AE8620B4} = {43F91669-3F87-4CB1-BA38-E3D973C07263}
	EndGlobalSection
	GlobalSection(ExtensibilityGlobals) = postSolution
		SolutionGuid = {DAEFC5E5-61AC-4005-98D4-E683FC101E3D}
	EndGlobalSection
EndGlobal
