<?xml version="1.0" encoding="utf-8"?>
<Project ToolsVersion="4.0" xmlns="http://schemas.microsoft.com/developer/msbuild/2003">
  <ItemGroup>
    <Filter Include="Source Files">
      <UniqueIdentifier>{4FC737F1-C7A5-4376-A066-2A32D752A2FF}</UniqueIdentifier>
      <Extensions>cpp;c;cc;cxx;c++;cppm;ixx;def;odl;idl;hpj;bat;asm;asmx</Extensions>
    </Filter>
    <Filter Include="Header Files">
      <UniqueIdentifier>{93995380-89BD-4b04-88EB-625FBE52EBFB}</UniqueIdentifier>
      <Extensions>h;hh;hpp;hxx;h++;hm;inl;inc;ipp;xsd</Extensions>
    </Filter>
    <Filter Include="Resource Files">
      <UniqueIdentifier>{67DA6AB6-F800-4c08-8B7A-83BB121AAD01}</UniqueIdentifier>
      <Extensions>rc;ico;cur;bmp;dlg;rc2;rct;bin;rgs;gif;jpg;jpeg;jpe;resx;tiff;tif;png;wav;mfcribbon-ms</Extensions>
    </Filter>
  </ItemGroup>
  <ItemGroup>
    <ClInclude Include="resource.h">
      <Filter>Header Files</Filter>
    </ClInclude>
  </ItemGroup>
  <ItemGroup>
    <ResourceCompile Include="PonyEngine.Render.API.rc">
      <Filter>Resource Files</Filter>
    </ResourceCompile>
  </ItemGroup>
  <ItemGroup>
    <ClCompile Include="Source\Public\Render\Render.cppm">
      <Filter>Source Files</Filter>
    </ClCompile>
    <ClCompile Include="Source\Public\Render\Render-IRenderSystem.cppm">
      <Filter>Source Files</Filter>
    </ClCompile>
    <ClCompile Include="Source\Public\Render.Windows\Render.Windows-RenderSystemFactoryData.cppm">
      <Filter>Source Files</Filter>
    </ClCompile>
    <ClCompile Include="Source\Public\Render.Windows\Render.Windows-RenderSystemFactoryParams.cppm">
      <Filter>Source Files</Filter>
    </ClCompile>
    <ClCompile Include="Source\Public\Render.Windows\Render.Windows-RenderSystemParams.cppm">
      <Filter>Source Files</Filter>
    </ClCompile>
    <ClCompile Include="Source\Public\Render.Windows\Render.Windows.cppm">
      <Filter>Source Files</Filter>
    </ClCompile>
    <ClCompile Include="Source\Public\Render\Render-RenderSystemFactory.cppm">
      <Filter>Source Files</Filter>
    </ClCompile>
    <ClCompile Include="Source\Public\Render.Windows\Render.Windows-IRenderSystem.cppm">
      <Filter>Source Files</Filter>
    </ClCompile>
    <ClCompile Include="Source\Public\Render\Render-RenderSystemParams.cppm">
      <Filter>Source Files</Filter>
    </ClCompile>
    <ClCompile Include="Source\Public\Render\Render-IRenderObject.cppm">
      <Filter>Source Files</Filter>
    </ClCompile>
    <ClCompile Include="Source\Public\Render\Render-IRenderObjectManager.cppm">
      <Filter>Source Files</Filter>
    </ClCompile>
    <ClCompile Include="Source\Public\Render\Render-RenderSystemFactoryParams.cppm">
      <Filter>Source Files</Filter>
    </ClCompile>
    <ClCompile Include="Source\Public\Render\Render-MSAA.cppm">
      <Filter>Source Files</Filter>
    </ClCompile>
    <ClCompile Include="Source\Public\Render\Render-MeshParams.cppm">
      <Filter>Source Files</Filter>
    </ClCompile>
    <ClCompile Include="Source\Public\Render\Render-RenderObjectParams.cppm">
      <Filter>Source Files</Filter>
    </ClCompile>
    <ClCompile Include="Source\Public\Render\Render-DataTypes.cppm">
      <Filter>Source Files</Filter>
    </ClCompile>
    <ClCompile Include="Source\Public\Render\Render-ICamera.cppm">
      <Filter>Source Files</Filter>
    </ClCompile>
    <ClCompile Include="Source\Public\Render\Render-CameraParams.cppm">
      <Filter>Source Files</Filter>
    </ClCompile>
    <ClCompile Include="Source\Public\Render\Render-ICameraManager.cppm">
      <Filter>Source Files</Filter>
    </ClCompile>
    <ClCompile Include="Source\Public\Render\Render-PipelineStateParams.cppm">
      <Filter>Source Files</Filter>
    </ClCompile>
    <ClCompile Include="Source\Public\Render\Render-OpaqueBlend.cppm">
      <Filter>Source Files</Filter>
    </ClCompile>
    <ClCompile Include="Source\Public\Render\Render-TransparentBlend.cppm">
      <Filter>Source Files</Filter>
    </ClCompile>
    <ClCompile Include="Source\Public\Render\Render-BlendFactor.cppm">
      <Filter>Source Files</Filter>
    </ClCompile>
    <ClCompile Include="Source\Public\Render\Render-BlendOperation.cppm">
      <Filter>Source Files</Filter>
    </ClCompile>
    <ClCompile Include="Source\Public\Render\Render-LogicOperation.cppm">
      <Filter>Source Files</Filter>
    </ClCompile>
    <ClCompile Include="Source\Public\Render\Render-LogicBlend.cppm">
      <Filter>Source Files</Filter>
    </ClCompile>
    <ClCompile Include="Source\Public\Render\Render-Blend.cppm">
      <Filter>Source Files</Filter>
    </ClCompile>
    <ClCompile Include="Source\Public\Render\Render-FillMode.cppm">
      <Filter>Source Files</Filter>
    </ClCompile>
    <ClCompile Include="Source\Public\Render\Render-CullMode.cppm">
      <Filter>Source Files</Filter>
    </ClCompile>
    <ClCompile Include="Source\Public\Render\Render-Rasterizer.cppm">
      <Filter>Source Files</Filter>
    </ClCompile>
    <ClCompile Include="Source\Public\Render\Render-ThreadGroupCountsMode.cppm">
      <Filter>Source Files</Filter>
    </ClCompile>
    <ClCompile Include="Source\Public\Render\Render-ThreadGroupCounts.cppm">
      <Filter>Source Files</Filter>
    </ClCompile>
    <ClCompile Include="Source\Public\Render\Render-ThreadGroupCountsUtility.cppm">
      <Filter>Source Files</Filter>
    </ClCompile>
    <ClCompile Include="Source\Public\Render\Render-Perspective.cppm">
      <Filter>Source Files</Filter>
    </ClCompile>
    <ClCompile Include="Source\Public\Render\Render-Orthographic.cppm">
      <Filter>Source Files</Filter>
    </ClCompile>
    <ClCompile Include="Source\Public\Render\Render-ICuller.cppm">
      <Filter>Source Files</Filter>
    </ClCompile>
    <ClCompile Include="Source\Public\Render\Render-RenderQueue.cppm">
      <Filter>Source Files</Filter>
    </ClCompile>
    <ClCompile Include="Source\Public\Render\Render-Common.cppm">
      <Filter>Source Files</Filter>
    </ClCompile>
    <ClCompile Include="Source\Public\Render\Render-Clear.cppm">
      <Filter>Source Files</Filter>
    </ClCompile>
    <ClCompile Include="Source\Public\Render\Render-StencilOperation.cppm">
      <Filter>Source Files</Filter>
    </ClCompile>
    <ClCompile Include="Source\Public\Render\Render-ComparisonFunction.cppm">
      <Filter>Source Files</Filter>
    </ClCompile>
    <ClCompile Include="Source\Public\Render\Render-DepthStencilOperation.cppm">
      <Filter>Source Files</Filter>
    </ClCompile>
    <ClCompile Include="Source\Public\Render\Render-DepthStencil.cppm">
      <Filter>Source Files</Filter>
    </ClCompile>
    <ClCompile Include="Source\Public\Render\Render-TextureFormat.cppm">
      <Filter>Source Files</Filter>
    </ClCompile>
    <ClCompile Include="Source\Public\Render\Render-FrameParams.cppm">
      <Filter>Source Files</Filter>
    </ClCompile>
    <ClCompile Include="Source\Public\Render\Render-SwapChainParams.cppm">
      <Filter>Source Files</Filter>
    </ClCompile>
    <ClCompile Include="Source\Public\Render\Render-MaterialParams.cppm">
      <Filter>Source Files</Filter>
    </ClCompile>
    <ClCompile Include="Source\Public\Render\Render-TextureDimension.cppm">
      <Filter>Source Files</Filter>
    </ClCompile>
    <ClCompile Include="Source\Public\Render\Render-IRootSignature.cppm">
      <Filter>Source Files</Filter>
    </ClCompile>
    <ClCompile Include="Source\Public\Render\Render-IShader.cppm">
      <Filter>Source Files</Filter>
    </ClCompile>
    <ClCompile Include="Source\Public\Render\Render-IPipelineState.cppm">
      <Filter>Source Files</Filter>
    </ClCompile>
    <ClCompile Include="Source\Public\Render\Render-IMesh.cppm">
      <Filter>Source Files</Filter>
    </ClCompile>
    <ClCompile Include="Source\Public\Render\Render-ITexture.cppm">
      <Filter>Source Files</Filter>
    </ClCompile>
    <ClCompile Include="Source\Public\Render\Render-IMaterial.cppm">
      <Filter>Source Files</Filter>
    </ClCompile>
    <ClCompile Include="Source\Public\Render\Render-ShaderParams.cppm">
      <Filter>Source Files</Filter>
    </ClCompile>
    <ClCompile Include="Source\Public\Render\Render-IShaderManager.cppm">
      <Filter>Source Files</Filter>
    </ClCompile>
    <ClCompile Include="Source\Public\Render\Render-RootSignatureParams.cppm">
      <Filter>Source Files</Filter>
    </ClCompile>
    <ClCompile Include="Source\Public\Render\Render-IRootSignatureManager.cppm">
      <Filter>Source Files</Filter>
    </ClCompile>
    <ClCompile Include="Source\Public\Render\Render-TextureParams.cppm">
      <Filter>Source Files</Filter>
    </ClCompile>
    <ClCompile Include="Source\Public\Render\Render-ITextureManager.cppm">
      <Filter>Source Files</Filter>
    </ClCompile>
    <ClCompile Include="Source\Public\Render\Render-IMeshManager.cppm">
      <Filter>Source Files</Filter>
    </ClCompile>
    <ClCompile Include="Source\Public\Render\Render-IPipelineStateManager.cppm">
      <Filter>Source Files</Filter>
    </ClCompile>
    <ClCompile Include="Source\Public\Render\Render-IMaterialManager.cppm">
      <Filter>Source Files</Filter>
    </ClCompile>
    <ClCompile Include="Source\Public\Render\Render-API.cppm">
      <Filter>Source Files</Filter>
    </ClCompile>
    <ClCompile Include="Source\Public\Render\Render-CommandQueuePriority.cppm">
      <Filter>Source Files</Filter>
    </ClCompile>
  </ItemGroup>
</Project>