<?xml version="1.0" encoding="utf-8"?>
<Project ToolsVersion="4.0" xmlns="http://schemas.microsoft.com/developer/msbuild/2003">
  <ItemGroup>
    <Filter Include="Source Files">
      <UniqueIdentifier>{4FC737F1-C7A5-4376-A066-2A32D752A2FF}</UniqueIdentifier>
      <Extensions>cpp;c;cc;cxx;c++;cppm;ixx;def;odl;idl;hpj;bat;asm;asmx</Extensions>
    </Filter>
    <Filter Include="Header Files">
      <UniqueIdentifier>{93995380-89BD-4b04-88EB-625FBE52EBFB}</UniqueIdentifier>
      <Extensions>h;hh;hpp;hxx;h++;hm;inl;inc;ipp;xsd</Extensions>
    </Filter>
    <Filter Include="Resource Files">
      <UniqueIdentifier>{67DA6AB6-F800-4c08-8B7A-83BB121AAD01}</UniqueIdentifier>
      <Extensions>rc;ico;cur;bmp;dlg;rc2;rct;bin;rgs;gif;jpg;jpeg;jpe;resx;tiff;tif;png;wav;mfcribbon-ms</Extensions>
    </Filter>
  </ItemGroup>
  <ItemGroup>
    <ClCompile Include="Source\Private\Application\Application.cppm">
      <Filter>Source Files</Filter>
    </ClCompile>
    <ClCompile Include="Source\Private\Application\ILoopElement.cppm">
      <Filter>Source Files</Filter>
    </ClCompile>
    <ClCompile Include="Source\Private\Application\Loop.cppm">
      <Filter>Source Files</Filter>
    </ClCompile>
    <ClCompile Include="Source\Private\Application\EngineLoop.cppm">
      <Filter>Source Files</Filter>
    </ClCompile>
    <ClCompile Include="Source\Private\Application\ISystemFactoriesProvider.cppm">
      <Filter>Source Files</Filter>
    </ClCompile>
    <ClCompile Include="Source\Private\Application.Windows\Application.Windows.cppm">
      <Filter>Source Files</Filter>
    </ClCompile>
    <ClCompile Include="Source\Private\Application.Windows\WindowsLoggerProvider.cppm">
      <Filter>Source Files</Filter>
    </ClCompile>
    <ClCompile Include="Source\Private\Application.Windows\WindowsSystemFactoriesProvider.cppm">
      <Filter>Source Files</Filter>
    </ClCompile>
    <ClCompile Include="Source\Private\Application.Windows\WindowsEndLoop.cppm">
      <Filter>Source Files</Filter>
    </ClCompile>
    <ClCompile Include="Source\Main.Windows.cpp">
      <Filter>Source Files</Filter>
    </ClCompile>
    <ClCompile Include="Source\Private\LogHelpers\LogHelpers.cppm">
      <Filter>Source Files</Filter>
    </ClCompile>
    <ClCompile Include="Source\Private\LogHelpers\LoggerHelper.cppm">
      <Filter>Source Files</Filter>
    </ClCompile>
    <ClCompile Include="Source\Private\LogHelpers\ConsoleSubLoggerHelper.cppm">
      <Filter>Source Files</Filter>
    </ClCompile>
    <ClCompile Include="Source\Private\LogHelpers.Windows\LogHelper.Windows.cppm">
      <Filter>Source Files</Filter>
    </ClCompile>
    <ClCompile Include="Source\Private\LogHelpers.Windows\OutputDebugStringSubLoggerHelper.cppm">
      <Filter>Source Files</Filter>
    </ClCompile>
    <ClCompile Include="Source\Private\LogHelpers\FileSubLoggerHelper.cppm">
      <Filter>Source Files</Filter>
    </ClCompile>
    <ClCompile Include="Source\Private\CoreHelpers\CoreHelpers.cppm">
      <Filter>Source Files</Filter>
    </ClCompile>
    <ClCompile Include="Source\Private\CoreHelpers\EngineHelper.cppm">
      <Filter>Source Files</Filter>
    </ClCompile>
  </ItemGroup>
</Project>