<?xml version="1.0" encoding="utf-8"?>
<Project ToolsVersion="4.0" xmlns="http://schemas.microsoft.com/developer/msbuild/2003">
  <ItemGroup>
    <Filter Include="Source Files">
      <UniqueIdentifier>{4FC737F1-C7A5-4376-A066-2A32D752A2FF}</UniqueIdentifier>
      <Extensions>cpp;c;cc;cxx;c++;cppm;ixx;def;odl;idl;hpj;bat;asm;asmx</Extensions>
    </Filter>
    <Filter Include="Header Files">
      <UniqueIdentifier>{93995380-89BD-4b04-88EB-625FBE52EBFB}</UniqueIdentifier>
      <Extensions>h;hh;hpp;hxx;h++;hm;inl;inc;ipp;xsd</Extensions>
    </Filter>
    <Filter Include="Resource Files">
      <UniqueIdentifier>{67DA6AB6-F800-4c08-8B7A-83BB121AAD01}</UniqueIdentifier>
      <Extensions>rc;ico;cur;bmp;dlg;rc2;rct;bin;rgs;gif;jpg;jpeg;jpe;resx;tiff;tif;png;wav;mfcribbon-ms</Extensions>
    </Filter>
  </ItemGroup>
  <ItemGroup>
    <ClCompile Include="Source\Public\Core\Factories\EngineParams.cppm">
      <Filter>Source Files</Filter>
    </ClCompile>
    <ClCompile Include="Source\Public\Core\IEngine.cppm">
      <Filter>Source Files</Filter>
    </ClCompile>
    <ClCompile Include="Source\Public\Core\Core.cppm">
      <Filter>Source Files</Filter>
    </ClCompile>
    <ClCompile Include="Source\Public\Debug\Log\ILogger.cppm">
      <Filter>Source Files</Filter>
    </ClCompile>
    <ClCompile Include="Source\Public\Debug\Log\ISubLogger.cppm">
      <Filter>Source Files</Filter>
    </ClCompile>
    <ClCompile Include="Source\Public\Window\IWindow.cppm">
      <Filter>Source Files</Filter>
    </ClCompile>
    <ClCompile Include="Source\Public\Debug\Log\Log.cppm">
      <Filter>Source Files</Filter>
    </ClCompile>
    <ClCompile Include="Source\Public\Debug\Log\LogEntry.cppm">
      <Filter>Source Files</Filter>
    </ClCompile>
    <ClCompile Include="Source\Public\Debug\Log\LogType.cppm">
      <Filter>Source Files</Filter>
    </ClCompile>
    <ClCompile Include="Source\Public\Window\Window.cppm">
      <Filter>Source Files</Filter>
    </ClCompile>
    <ClCompile Include="Source\Public\Window\KeyboardMessage.cppm">
      <Filter>Source Files</Filter>
    </ClCompile>
    <ClCompile Include="Source\Public\Window\KeyboardKeyCode.cppm">
      <Filter>Source Files</Filter>
    </ClCompile>
    <ClCompile Include="Source\Public\Window\IKeyboardListener.cppm">
      <Filter>Source Files</Filter>
    </ClCompile>
    <ClCompile Include="Source\Public\Core\ISystem.cppm">
      <Filter>Source Files</Filter>
    </ClCompile>
    <ClCompile Include="Source\Public\Core\IService.cppm">
      <Filter>Source Files</Filter>
    </ClCompile>
    <ClCompile Include="Source\Public\Utility\INamed.cppm">
      <Filter>Source Files</Filter>
    </ClCompile>
    <ClCompile Include="Source\Public\Utility\Utility.cppm">
      <Filter>Source Files</Filter>
    </ClCompile>
    <ClCompile Include="Source\Public\Input\Event.cppm">
      <Filter>Source Files</Filter>
    </ClCompile>
    <ClCompile Include="Source\Public\Input\IInputSystem.cppm">
      <Filter>Source Files</Filter>
    </ClCompile>
    <ClCompile Include="Source\Public\Input\Input.cppm">
      <Filter>Source Files</Filter>
    </ClCompile>
    <ClCompile Include="Source\Public\Core\Factories\ISystemFactory.cppm">
      <Filter>Source Files</Filter>
    </ClCompile>
    <ClCompile Include="Source\Public\Core\Factories\IServiceFactory.cppm">
      <Filter>Source Files</Filter>
    </ClCompile>
    <ClCompile Include="Source\Public\Window\Factories\IWindowFactory.cppm">
      <Filter>Source Files</Filter>
    </ClCompile>
    <ClCompile Include="Source\Public\Debug\Log\Factories\ISubLoggerFactory.cppm">
      <Filter>Source Files</Filter>
    </ClCompile>
    <ClCompile Include="Source\Public\Core\Factories\Core.Factories.cppm">
      <Filter>Source Files</Filter>
    </ClCompile>
    <ClCompile Include="Source\Public\Debug\Log\Factories\Log.Factories.cppm">
      <Filter>Source Files</Filter>
    </ClCompile>
    <ClCompile Include="Source\Public\Window\Factories\Window.Factories.cppm">
      <Filter>Source Files</Filter>
    </ClCompile>
    <ClCompile Include="Source\Public\Input\Factories\IInputSystemFactory.cppm">
      <Filter>Source Files</Filter>
    </ClCompile>
    <ClCompile Include="Source\Public\Input\Factories\Input.Factories.cppm">
      <Filter>Source Files</Filter>
    </ClCompile>
    <ClCompile Include="Source\Public\Utility\StringUtility.cppm">
      <Filter>Source Files</Filter>
    </ClCompile>
    <ClCompile Include="Source\Public\Input\InputKeyboardKeyCode.cppm">
      <Filter>Source Files</Filter>
    </ClCompile>
    <ClCompile Include="Source\Public\Input\InputKeyboardMessage.cppm">
      <Filter>Source Files</Filter>
    </ClCompile>
    <ClCompile Include="Source\Public\Input\Handle.cppm">
      <Filter>Source Files</Filter>
    </ClCompile>
  </ItemGroup>
  <ItemGroup>
    <ClInclude Include="resource.h">
      <Filter>Header Files</Filter>
    </ClInclude>
    <ClInclude Include="Include\Public\Debug\Log\LogMacro.h">
      <Filter>Header Files</Filter>
    </ClInclude>
  </ItemGroup>
  <ItemGroup>
    <ResourceCompile Include="PonyEngine.API.rc">
      <Filter>Resource Files</Filter>
    </ResourceCompile>
  </ItemGroup>
</Project>