<?xml version="1.0" encoding="utf-8"?>
<Project ToolsVersion="4.0" xmlns="http://schemas.microsoft.com/developer/msbuild/2003">
  <ItemGroup>
    <Filter Include="Source Files">
      <UniqueIdentifier>{4FC737F1-C7A5-4376-A066-2A32D752A2FF}</UniqueIdentifier>
      <Extensions>cpp;c;cc;cxx;c++;cppm;ixx;def;odl;idl;hpj;bat;asm;asmx</Extensions>
    </Filter>
    <Filter Include="Header Files">
      <UniqueIdentifier>{93995380-89BD-4b04-88EB-625FBE52EBFB}</UniqueIdentifier>
      <Extensions>h;hh;hpp;hxx;h++;hm;inl;inc;ipp;xsd</Extensions>
    </Filter>
    <Filter Include="Resource Files">
      <UniqueIdentifier>{67DA6AB6-F800-4c08-8B7A-83BB121AAD01}</UniqueIdentifier>
      <Extensions>rc;ico;cur;bmp;dlg;rc2;rct;bin;rgs;gif;jpg;jpeg;jpe;resx;tiff;tif;png;wav;mfcribbon-ms</Extensions>
    </Filter>
  </ItemGroup>
  <ItemGroup>
    <ClCompile Include="Core\EngineTests.cpp">
      <Filter>Source Files</Filter>
    </ClCompile>
    <ClCompile Include="Window.Windows\WindowsWindowTests.cpp">
      <Filter>Source Files</Filter>
    </ClCompile>
    <ClCompile Include="Input\InputCodeTests.cpp">
      <Filter>Source Files</Filter>
    </ClCompile>
    <ClCompile Include="Input\InputSystemFactoryTests.cpp">
      <Filter>Source Files</Filter>
    </ClCompile>
    <ClCompile Include="Window.Windows\WindowsWindowFactoryTests.cpp">
      <Filter>Source Files</Filter>
    </ClCompile>
    <ClCompile Include="Time\FrameRateSystemTests.cpp">
      <Filter>Source Files</Filter>
    </ClCompile>
    <ClCompile Include="Time\FrameRateSystemFactoryTests.cpp">
      <Filter>Source Files</Filter>
    </ClCompile>
    <ClCompile Include="Time\FrameTimeFrameRateConversionTests.cpp">
      <Filter>Source Files</Filter>
    </ClCompile>
    <ClCompile Include="Mocks\Application.cpp">
      <Filter>Source Files</Filter>
    </ClCompile>
    <ClCompile Include="Mocks\Logger.cpp">
      <Filter>Source Files</Filter>
    </ClCompile>
    <ClCompile Include="Mocks\System.cpp">
      <Filter>Source Files</Filter>
    </ClCompile>
    <ClCompile Include="Mocks\TickableSystem.cpp">
      <Filter>Source Files</Filter>
    </ClCompile>
    <ClCompile Include="Mocks\SystemFactory.cpp">
      <Filter>Source Files</Filter>
    </ClCompile>
    <ClCompile Include="Mocks\TickableSystemFactory.cpp">
      <Filter>Source Files</Filter>
    </ClCompile>
    <ClCompile Include="Mocks\Engine.cpp">
      <Filter>Source Files</Filter>
    </ClCompile>
    <ClCompile Include="Screen.Windows\WindowsScreenSystemFactoryTests.cpp">
      <Filter>Source Files</Filter>
    </ClCompile>
    <ClCompile Include="Screen.Windows\WindowsScreenSystemTests.cpp">
      <Filter>Source Files</Filter>
    </ClCompile>
    <ClCompile Include="Window.Windows\WindowsClassTests.cpp">
      <Filter>Source Files</Filter>
    </ClCompile>
    <ClCompile Include="Render.Direct3D12.Windows\RenderObjectTests.cpp">
      <Filter>Source Files</Filter>
    </ClCompile>
    <ClCompile Include="Mocks\ScreenSystem.cpp">
      <Filter>Source Files</Filter>
    </ClCompile>
    <ClCompile Include="Render.Direct3D12.Windows\RenderObjectManagerTests.cpp">
      <Filter>Source Files</Filter>
    </ClCompile>
    <ClCompile Include="Render.Direct3D12.Windows\RenderTargetTests.cpp">
      <Filter>Source Files</Filter>
    </ClCompile>
    <ClCompile Include="Render.Direct3D12.Windows\RenderViewTests.cpp">
      <Filter>Source Files</Filter>
    </ClCompile>
    <ClCompile Include="Render.Direct3D12.Windows\RenderSystemFactoryTests.cpp">
      <Filter>Source Files</Filter>
    </ClCompile>
  </ItemGroup>
  <ItemGroup>
    <ClInclude Include="Mocks\Application.h">
      <Filter>Header Files</Filter>
    </ClInclude>
    <ClInclude Include="Mocks\Logger.h">
      <Filter>Header Files</Filter>
    </ClInclude>
    <ClInclude Include="Mocks\System.h">
      <Filter>Header Files</Filter>
    </ClInclude>
    <ClInclude Include="Mocks\TickableSystem.h">
      <Filter>Header Files</Filter>
    </ClInclude>
    <ClInclude Include="Mocks\SystemFactory.h">
      <Filter>Header Files</Filter>
    </ClInclude>
    <ClInclude Include="Mocks\TickableSystemFactory.h">
      <Filter>Header Files</Filter>
    </ClInclude>
    <ClInclude Include="Mocks\Engine.h">
      <Filter>Header Files</Filter>
    </ClInclude>
    <ClInclude Include="Mocks\ScreenSystem.h">
      <Filter>Header Files</Filter>
    </ClInclude>
  </ItemGroup>
</Project>